Microsoft Visual Studio Solution File, Format Version 11.00
# Visual Studio 2008

Project("{9A2A429B-E1D6-3197-326D-D8A19F557712}") = "8.Threading", "Assembly-CSharp.csproj", "{145C7357-FFCB-4D4D-4C7F-3CCFFFA557D2}"
EndProject
Global
	GlobalSection(SolutionConfigurationPlatforms) = preSolution
		Debug|Any CPU = Debug|Any CPU
		Release|Any CPU = Release|Any CPU
	EndGlobalSection
	GlobalSection(ProjectConfigurationPlatforms) = postSolution
		{145C7357-FFCB-4D4D-4C7F-3CCFFFA557D2}.Debug|Any CPU.ActiveCfg = Debug|Any CPU
		{145C7357-FFCB-4D4D-4C7F-3CCFFFA557D2}.Debug|Any CPU.Build.0 = Debug|Any CPU
		{145C7357-FFCB-4D4D-4C7F-3CCFFFA557D2}.Release|Any CPU.ActiveCfg = Release|Any CPU
		{145C7357-FFCB-4D4D-4C7F-3CCFFFA557D2}.Release|Any CPU.Build.0 = Release|Any CPU
	EndGlobalSection
	GlobalSection(SolutionProperties) = preSolution
		HideSolutionNode = FALSE
	EndGlobalSection
	GlobalSection(MonoDevelopProperties) = preSolution
		StartupItem = Assembly-CSharp.csproj
	EndGlobalSection
EndGlobal
