Microsoft Visual Studio Solution File, Format Version 11.00
# Visual Studio 2008

Project("{CB7D39FF-A74A-FE13-D5F7-178D36AEA7A8}") = "4.Colors", "Assembly-CSharp.csproj", "{86F36774-D100-229C-E109-3321DECED109}"
EndProject
Global
	GlobalSection(SolutionConfigurationPlatforms) = preSolution
		Debug|Any CPU = Debug|Any CPU
		Release|Any CPU = Release|Any CPU
	EndGlobalSection
	GlobalSection(ProjectConfigurationPlatforms) = postSolution
		{86F36774-D100-229C-E109-3321DECED109}.Debug|Any CPU.ActiveCfg = Debug|Any CPU
		{86F36774-D100-229C-E109-3321DECED109}.Debug|Any CPU.Build.0 = Debug|Any CPU
		{86F36774-D100-229C-E109-3321DECED109}.Release|Any CPU.ActiveCfg = Release|Any CPU
		{86F36774-D100-229C-E109-3321DECED109}.Release|Any CPU.Build.0 = Release|Any CPU
	EndGlobalSection
	GlobalSection(SolutionProperties) = preSolution
		HideSolutionNode = FALSE
	EndGlobalSection
	GlobalSection(MonoDevelopProperties) = preSolution
		StartupItem = Assembly-CSharp.csproj
	EndGlobalSection
EndGlobal
