Microsoft Visual Studio Solution File, Format Version 11.00
# Visual Studio 2008

Project("{A38B2F75-3CB3-EC4F-3C5A-44937FC81ABA}") = "16.Color Shader", "Assembly-CSharp-firstpass.csproj", "{9B220856-3175-73AD-1BFD-096ED158B67D}"
EndProject
Project("{A38B2F75-3CB3-EC4F-3C5A-44937FC81ABA}") = "16.Color Shader", "Assembly-CSharp.csproj", "{37541E40-7BF0-CB79-B856-272B0F9FCB65}"
EndProject
Global
	GlobalSection(SolutionConfigurationPlatforms) = preSolution
		Debug|Any CPU = Debug|Any CPU
		Release|Any CPU = Release|Any CPU
	EndGlobalSection
	GlobalSection(ProjectConfigurationPlatforms) = postSolution
		{9B220856-3175-73AD-1BFD-096ED158B67D}.Debug|Any CPU.ActiveCfg = Debug|Any CPU
		{9B220856-3175-73AD-1BFD-096ED158B67D}.Debug|Any CPU.Build.0 = Debug|Any CPU
		{9B220856-3175-73AD-1BFD-096ED158B67D}.Release|Any CPU.ActiveCfg = Release|Any CPU
		{9B220856-3175-73AD-1BFD-096ED158B67D}.Release|Any CPU.Build.0 = Release|Any CPU
		{37541E40-7BF0-CB79-B856-272B0F9FCB65}.Debug|Any CPU.ActiveCfg = Debug|Any CPU
		{37541E40-7BF0-CB79-B856-272B0F9FCB65}.Debug|Any CPU.Build.0 = Debug|Any CPU
		{37541E40-7BF0-CB79-B856-272B0F9FCB65}.Release|Any CPU.ActiveCfg = Release|Any CPU
		{37541E40-7BF0-CB79-B856-272B0F9FCB65}.Release|Any CPU.Build.0 = Release|Any CPU
	EndGlobalSection
	GlobalSection(SolutionProperties) = preSolution
		HideSolutionNode = FALSE
	EndGlobalSection
	GlobalSection(MonoDevelopProperties) = preSolution
		StartupItem = Assembly-CSharp.csproj
	EndGlobalSection
EndGlobal
