Microsoft Visual Studio Solution File, Format Version 11.00
# Visual Studio 2008

Project("{67101B71-835C-70DC-1937-5615A0B903BF}") = "10.Seams", "Assembly-CSharp.csproj", "{56774534-B6F1-7705-8042-FF9F38CD895B}"
EndProject
Global
	GlobalSection(SolutionConfigurationPlatforms) = preSolution
		Debug|Any CPU = Debug|Any CPU
		Release|Any CPU = Release|Any CPU
	EndGlobalSection
	GlobalSection(ProjectConfigurationPlatforms) = postSolution
		{56774534-B6F1-7705-8042-FF9F38CD895B}.Debug|Any CPU.ActiveCfg = Debug|Any CPU
		{56774534-B6F1-7705-8042-FF9F38CD895B}.Debug|Any CPU.Build.0 = Debug|Any CPU
		{56774534-B6F1-7705-8042-FF9F38CD895B}.Release|Any CPU.ActiveCfg = Release|Any CPU
		{56774534-B6F1-7705-8042-FF9F38CD895B}.Release|Any CPU.Build.0 = Release|Any CPU
	EndGlobalSection
	GlobalSection(SolutionProperties) = preSolution
		HideSolutionNode = FALSE
	EndGlobalSection
	GlobalSection(MonoDevelopProperties) = preSolution
		StartupItem = Assembly-CSharp.csproj
	EndGlobalSection
EndGlobal
