Microsoft Visual Studio Solution File, Format Version 11.00
# Visual Studio 2008

Project("{88B30755-D045-9782-5CBA-68C935DEF5EB}") = "Obj Pooling", "Assembly-CSharp.csproj", "{DF8A0914-D0FF-8254-AF6F-D44BC38E33DD}"
EndProject
Global
	GlobalSection(SolutionConfigurationPlatforms) = preSolution
		Debug|Any CPU = Debug|Any CPU
		Release|Any CPU = Release|Any CPU
	EndGlobalSection
	GlobalSection(ProjectConfigurationPlatforms) = postSolution
		{DF8A0914-D0FF-8254-AF6F-D44BC38E33DD}.Debug|Any CPU.ActiveCfg = Debug|Any CPU
		{DF8A0914-D0FF-8254-AF6F-D44BC38E33DD}.Debug|Any CPU.Build.0 = Debug|Any CPU
		{DF8A0914-D0FF-8254-AF6F-D44BC38E33DD}.Release|Any CPU.ActiveCfg = Release|Any CPU
		{DF8A0914-D0FF-8254-AF6F-D44BC38E33DD}.Release|Any CPU.Build.0 = Release|Any CPU
	EndGlobalSection
	GlobalSection(SolutionProperties) = preSolution
		HideSolutionNode = FALSE
	EndGlobalSection
	GlobalSection(MonoDevelopProperties) = preSolution
		StartupItem = Assembly-CSharp.csproj
	EndGlobalSection
EndGlobal
