Microsoft Visual Studio Solution File, Format Version 11.00
# Visual Studio 2008

Project("{303E3399-2871-5D48-F7CC-AC5242E48522}") = "O1. Cellular Automata", "Assembly-CSharp.csproj", "{C9398BB8-06E9-3F7C-B27D-AF629A8E5195}"
EndProject
Global
	GlobalSection(SolutionConfigurationPlatforms) = preSolution
		Debug|Any CPU = Debug|Any CPU
		Release|Any CPU = Release|Any CPU
	EndGlobalSection
	GlobalSection(ProjectConfigurationPlatforms) = postSolution
		{C9398BB8-06E9-3F7C-B27D-AF629A8E5195}.Debug|Any CPU.ActiveCfg = Debug|Any CPU
		{C9398BB8-06E9-3F7C-B27D-AF629A8E5195}.Debug|Any CPU.Build.0 = Debug|Any CPU
		{C9398BB8-06E9-3F7C-B27D-AF629A8E5195}.Release|Any CPU.ActiveCfg = Release|Any CPU
		{C9398BB8-06E9-3F7C-B27D-AF629A8E5195}.Release|Any CPU.Build.0 = Release|Any CPU
	EndGlobalSection
	GlobalSection(SolutionProperties) = preSolution
		HideSolutionNode = FALSE
	EndGlobalSection
	GlobalSection(MonoDevelopProperties) = preSolution
		StartupItem = Assembly-CSharp.csproj
	EndGlobalSection
EndGlobal
