Microsoft Visual Studio Solution File, Format Version 11.00
# Visual Studio 2008

Project("{EF6127F0-0EC7-5C7A-BA5D-9D22ED09A7DF}") = "02.NodeGrid", "Assembly-CSharp.csproj", "{C34F1609-51E2-9B1E-2B58-89628C9DD5F2}"
EndProject
Global
	GlobalSection(SolutionConfigurationPlatforms) = preSolution
		Debug|Any CPU = Debug|Any CPU
		Release|Any CPU = Release|Any CPU
	EndGlobalSection
	GlobalSection(ProjectConfigurationPlatforms) = postSolution
		{C34F1609-51E2-9B1E-2B58-89628C9DD5F2}.Debug|Any CPU.ActiveCfg = Debug|Any CPU
		{C34F1609-51E2-9B1E-2B58-89628C9DD5F2}.Debug|Any CPU.Build.0 = Debug|Any CPU
		{C34F1609-51E2-9B1E-2B58-89628C9DD5F2}.Release|Any CPU.ActiveCfg = Release|Any CPU
		{C34F1609-51E2-9B1E-2B58-89628C9DD5F2}.Release|Any CPU.Build.0 = Release|Any CPU
	EndGlobalSection
	GlobalSection(SolutionProperties) = preSolution
		HideSolutionNode = FALSE
	EndGlobalSection
	GlobalSection(MonoDevelopProperties) = preSolution
		StartupItem = Assembly-CSharp.csproj
	EndGlobalSection
EndGlobal
