Microsoft Visual Studio Solution File, Format Version 11.00
# Visual Studio 2008

Project("{97D78126-1881-4E77-88F2-385B55192935}") = "14.FlatShading", "Assembly-CSharp-firstpass.csproj", "{1AE93DE9-38F3-1DF0-E1E5-979F95B0E3C5}"
EndProject
Project("{97D78126-1881-4E77-88F2-385B55192935}") = "14.FlatShading", "Assembly-CSharp.csproj", "{8CE29056-3C9C-799C-93D9-4AA2B1DB6D3F}"
EndProject
Global
	GlobalSection(SolutionConfigurationPlatforms) = preSolution
		Debug|Any CPU = Debug|Any CPU
		Release|Any CPU = Release|Any CPU
	EndGlobalSection
	GlobalSection(ProjectConfigurationPlatforms) = postSolution
		{1AE93DE9-38F3-1DF0-E1E5-979F95B0E3C5}.Debug|Any CPU.ActiveCfg = Debug|Any CPU
		{1AE93DE9-38F3-1DF0-E1E5-979F95B0E3C5}.Debug|Any CPU.Build.0 = Debug|Any CPU
		{1AE93DE9-38F3-1DF0-E1E5-979F95B0E3C5}.Release|Any CPU.ActiveCfg = Release|Any CPU
		{1AE93DE9-38F3-1DF0-E1E5-979F95B0E3C5}.Release|Any CPU.Build.0 = Release|Any CPU
		{8CE29056-3C9C-799C-93D9-4AA2B1DB6D3F}.Debug|Any CPU.ActiveCfg = Debug|Any CPU
		{8CE29056-3C9C-799C-93D9-4AA2B1DB6D3F}.Debug|Any CPU.Build.0 = Debug|Any CPU
		{8CE29056-3C9C-799C-93D9-4AA2B1DB6D3F}.Release|Any CPU.ActiveCfg = Release|Any CPU
		{8CE29056-3C9C-799C-93D9-4AA2B1DB6D3F}.Release|Any CPU.Build.0 = Release|Any CPU
	EndGlobalSection
	GlobalSection(SolutionProperties) = preSolution
		HideSolutionNode = FALSE
	EndGlobalSection
	GlobalSection(MonoDevelopProperties) = preSolution
		StartupItem = Assembly-CSharp.csproj
	EndGlobalSection
EndGlobal
